
Microsoft Visual Studio Solution File, Format Version 12.00
# Visual Studio Version 16
VisualStudioVersion = 16.0.31025.194
MinimumVisualStudioVersion = 10.0.40219.1
Project("{FAE04EC0-301F-11D3-BF4B-00C04F79EFBC}") = "01.EvenLines", "01.EvenLines\01.EvenLines.csproj", "{31E7FB0A-0074-423F-B616-0BE72A778346}"
EndProject
Project("{FAE04EC0-301F-11D3-BF4B-00C04F79EFBC}") = "02.LineNumbers", "02.LineNumbers\02.LineNumbers.csproj", "{37D5C401-77B1-4F28-AFDA-0FAF1365A6CC}"
EndProject
Project("{FAE04EC0-301F-11D3-BF4B-00C04F79EFBC}") = "03.WordCount", "03.WordCount\03.WordCount.csproj", "{B357E1FC-E167-4B26-958B-C96E9E5FD061}"
EndProject
Project("{FAE04EC0-301F-11D3-BF4B-00C04F79EFBC}") = "04.CopyBinaryFile", "04.CopyBinaryFile\04.CopyBinaryFile.csproj", "{0238B080-963F-4A4B-BD44-43A614B5A078}"
EndProject
Project("{FAE04EC0-301F-11D3-BF4B-00C04F79EFBC}") = "05.DirectoryTraversal", "05.DirectoryTraversal\05.DirectoryTraversal.csproj", "{F9795105-1AAE-4073-9D29-4D6550A01C04}"
EndProject
Project("{FAE04EC0-301F-11D3-BF4B-00C04F79EFBC}") = "06.ZipAndExtract", "06.ZipAndExtract\06.ZipAndExtract.csproj", "{C59828D8-0D19-4685-A432-064D54B476B8}"
EndProject
Global
	GlobalSection(SolutionConfigurationPlatforms) = preSolution
		Debug|Any CPU = Debug|Any CPU
		Release|Any CPU = Release|Any CPU
	EndGlobalSection
	GlobalSection(ProjectConfigurationPlatforms) = postSolution
		{31E7FB0A-0074-423F-B616-0BE72A778346}.Debug|Any CPU.ActiveCfg = Debug|Any CPU
		{31E7FB0A-0074-423F-B616-0BE72A778346}.Debug|Any CPU.Build.0 = Debug|Any CPU
		{31E7FB0A-0074-423F-B616-0BE72A778346}.Release|Any CPU.ActiveCfg = Release|Any CPU
		{31E7FB0A-0074-423F-B616-0BE72A778346}.Release|Any CPU.Build.0 = Release|Any CPU
		{37D5C401-77B1-4F28-AFDA-0FAF1365A6CC}.Debug|Any CPU.ActiveCfg = Debug|Any CPU
		{37D5C401-77B1-4F28-AFDA-0FAF1365A6CC}.Debug|Any CPU.Build.0 = Debug|Any CPU
		{37D5C401-77B1-4F28-AFDA-0FAF1365A6CC}.Release|Any CPU.ActiveCfg = Release|Any CPU
		{37D5C401-77B1-4F28-AFDA-0FAF1365A6CC}.Release|Any CPU.Build.0 = Release|Any CPU
		{B357E1FC-E167-4B26-958B-C96E9E5FD061}.Debug|Any CPU.ActiveCfg = Debug|Any CPU
		{B357E1FC-E167-4B26-958B-C96E9E5FD061}.Debug|Any CPU.Build.0 = Debug|Any CPU
		{B357E1FC-E167-4B26-958B-C96E9E5FD061}.Release|Any CPU.ActiveCfg = Release|Any CPU
		{B357E1FC-E167-4B26-958B-C96E9E5FD061}.Release|Any CPU.Build.0 = Release|Any CPU
		{0238B080-963F-4A4B-BD44-43A614B5A078}.Debug|Any CPU.ActiveCfg = Debug|Any CPU
		{0238B080-963F-4A4B-BD44-43A614B5A078}.Debug|Any CPU.Build.0 = Debug|Any CPU
		{0238B080-963F-4A4B-BD44-43A614B5A078}.Release|Any CPU.ActiveCfg = Release|Any CPU
		{0238B080-963F-4A4B-BD44-43A614B5A078}.Release|Any CPU.Build.0 = Release|Any CPU
		{F9795105-1AAE-4073-9D29-4D6550A01C04}.Debug|Any CPU.ActiveCfg = Debug|Any CPU
		{F9795105-1AAE-4073-9D29-4D6550A01C04}.Debug|Any CPU.Build.0 = Debug|Any CPU
		{F9795105-1AAE-4073-9D29-4D6550A01C04}.Release|Any CPU.ActiveCfg = Release|Any CPU
		{F9795105-1AAE-4073-9D29-4D6550A01C04}.Release|Any CPU.Build.0 = Release|Any CPU
		{C59828D8-0D19-4685-A432-064D54B476B8}.Debug|Any CPU.ActiveCfg = Debug|Any CPU
		{C59828D8-0D19-4685-A432-064D54B476B8}.Debug|Any CPU.Build.0 = Debug|Any CPU
		{C59828D8-0D19-4685-A432-064D54B476B8}.Release|Any CPU.ActiveCfg = Release|Any CPU
		{C59828D8-0D19-4685-A432-064D54B476B8}.Release|Any CPU.Build.0 = Release|Any CPU
	EndGlobalSection
	GlobalSection(SolutionProperties) = preSolution
		HideSolutionNode = FALSE
	EndGlobalSection
	GlobalSection(ExtensibilityGlobals) = postSolution
		SolutionGuid = {5C635468-23BA-471E-8054-EA14409ACB84}
	EndGlobalSection
EndGlobal
