
Microsoft Visual Studio Solution File, Format Version 12.00
# Visual Studio Version 16
VisualStudioVersion = 16.0.31025.194
MinimumVisualStudioVersion = 10.0.40219.1
Project("{9A19103F-16F7-4668-BE54-9A1E7A4F7556}") = "Cooking", "Cooking\Cooking.csproj", "{C03CFD95-0877-4389-A654-BC12555BAB1A}"
EndProject
Project("{FAE04EC0-301F-11D3-BF4B-00C04F79EFBC}") = "Selling", "Selling\Selling.csproj", "{C9FB5CFB-CB42-4F2C-9DB7-AA8616AF3D64}"
EndProject
Global
	GlobalSection(SolutionConfigurationPlatforms) = preSolution
		Debug|Any CPU = Debug|Any CPU
		Release|Any CPU = Release|Any CPU
	EndGlobalSection
	GlobalSection(ProjectConfigurationPlatforms) = postSolution
		{C03CFD95-0877-4389-A654-BC12555BAB1A}.Debug|Any CPU.ActiveCfg = Debug|Any CPU
		{C03CFD95-0877-4389-A654-BC12555BAB1A}.Debug|Any CPU.Build.0 = Debug|Any CPU
		{C03CFD95-0877-4389-A654-BC12555BAB1A}.Release|Any CPU.ActiveCfg = Release|Any CPU
		{C03CFD95-0877-4389-A654-BC12555BAB1A}.Release|Any CPU.Build.0 = Release|Any CPU
		{C9FB5CFB-CB42-4F2C-9DB7-AA8616AF3D64}.Debug|Any CPU.ActiveCfg = Debug|Any CPU
		{C9FB5CFB-CB42-4F2C-9DB7-AA8616AF3D64}.Debug|Any CPU.Build.0 = Debug|Any CPU
		{C9FB5CFB-CB42-4F2C-9DB7-AA8616AF3D64}.Release|Any CPU.ActiveCfg = Release|Any CPU
		{C9FB5CFB-CB42-4F2C-9DB7-AA8616AF3D64}.Release|Any CPU.Build.0 = Release|Any CPU
	EndGlobalSection
	GlobalSection(SolutionProperties) = preSolution
		HideSolutionNode = FALSE
	EndGlobalSection
	GlobalSection(ExtensibilityGlobals) = postSolution
		SolutionGuid = {51284741-8A3C-4178-B138-0345A3EF364D}
	EndGlobalSection
EndGlobal
